
Microsoft Visual Studio Solution File, Format Version 11.00
# Visual Studio 2010
Project("{FAE04EC0-301F-11D3-BF4B-00C04F79EFBC}") = "BatchAPKInstaller", "BatchAPKInstaller\BatchAPKInstaller.csproj", "{AA51ED4F-CA05-44B9-B030-24BF0FCDB715}"
EndProject
Global
	GlobalSection(SolutionConfigurationPlatforms) = preSolution
		Debug|x86 = Debug|x86
		Release|x86 = Release|x86
	EndGlobalSection
	GlobalSection(ProjectConfigurationPlatforms) = postSolution
		{AA51ED4F-CA05-44B9-B030-24BF0FCDB715}.Debug|x86.ActiveCfg = Debug|x86
		{AA51ED4F-CA05-44B9-B030-24BF0FCDB715}.Debug|x86.Build.0 = Debug|x86
		{AA51ED4F-CA05-44B9-B030-24BF0FCDB715}.Release|x86.ActiveCfg = Release|x86
		{AA51ED4F-CA05-44B9-B030-24BF0FCDB715}.Release|x86.Build.0 = Release|x86
	EndGlobalSection
	GlobalSection(SolutionProperties) = preSolution
		HideSolutionNode = FALSE
	EndGlobalSection
EndGlobal
